hash: 69aea222521c820b7eb51ebf87555ed9afa71280ca5b91d143cb1c6121b913f6
updated: 2017-04-25T08:32:38.610056812-07:00
imports:
- name: github.com/golang/protobuf
  version: 8ee79997227bf9b34611aee7946ae64735e6fd93
  subpackages:
  - proto
- name: github.com/mitchellh/go-homedir
  version: b8bc1bf767474819792c23f32d8286a45736f1c6
- name: golang.org/x/crypto
  version: ede567c8e044a5913dad1d1af3696d9da953104c
  subpackages:
  - curve25519
  - nacl/box
  - nacl/secretbox
  - poly1305
  - salsa20/salsa
- name: golang.org/x/net
  version: 4971afdc2f162e82d185353533d3cf16188a9f4e
  subpackages:
  - context
- name: golang.org/x/oauth2
  version: 96382aa079b72d8c014eb0c50f6c223d1e6a2de0
  subpackages:
  - clientcredentials
  - internal
- name: google.golang.org/appengine
  version: 08a149cfaee099e6ce4be01c0113a78c85ee1dee
  subpackages:
  - internal
  - internal/base
  - internal/datastore
  - internal/log
  - internal/remote_api
  - internal/urlfetch
  - urlfetch
testImports: []
